# This file was autogenerated by Stack.
# You should not edit this file by hand.
# For more information, please see the documentation at:
#   https://docs.haskellstack.org/en/stable/lock_files

packages: []
snapshots:
- completed:
    size: 506080
    url: https://raw.githubusercontent.com/commercialhaskell/stackage-snapshots/master/lts/12/16.yaml
    sha256: 8fb23cad3d4913303229b0ac8eee0b1f244b473dd0406ab3542a914ad9153e8b
  original: lts-12.16
